
Microsoft Visual Studio Solution File, Format Version 12.00
# Visual Studio 15
VisualStudioVersion = 15.0.27428.2027
MinimumVisualStudioVersion = 10.0.40219.1
Project("{9A19103F-16F7-4668-BE54-9A1E7A4F7556}") = "Schoggifabrik", "Schoggifabrik\Schoggifabrik.csproj", "{0F91F0A9-F669-4E00-8C99-A5661632067A}"
EndProject
Global
	GlobalSection(SolutionConfigurationPlatforms) = preSolution
		Debug|Any CPU = Debug|Any CPU
		Release|Any CPU = Release|Any CPU
	EndGlobalSection
	GlobalSection(ProjectConfigurationPlatforms) = postSolution
		{0F91F0A9-F669-4E00-8C99-A5661632067A}.Debug|Any CPU.ActiveCfg = Debug|Any CPU
		{0F91F0A9-F669-4E00-8C99-A5661632067A}.Debug|Any CPU.Build.0 = Debug|Any CPU
		{0F91F0A9-F669-4E00-8C99-A5661632067A}.Release|Any CPU.ActiveCfg = Release|Any CPU
		{0F91F0A9-F669-4E00-8C99-A5661632067A}.Release|Any CPU.Build.0 = Release|Any CPU
	EndGlobalSection
	GlobalSection(SolutionProperties) = preSolution
		HideSolutionNode = FALSE
	EndGlobalSection
	GlobalSection(ExtensibilityGlobals) = postSolution
		SolutionGuid = {61283010-2F7D-4A7D-9D4A-63EC114D1F6A}
	EndGlobalSection
EndGlobal
